
Microsoft Visual Studio Solution File, Format Version 12.00
# Visual Studio Version 17
VisualStudioVersion = 17.14.36109.1 d17.14
MinimumVisualStudioVersion = 10.0.40219.1
Project("{FAE04EC0-301F-11D3-BF4B-00C04F79EFBC}") = "SimpleSearch", "SimpleSearch\SimpleSearch.csproj", "{D388818D-716B-53CF-7584-FA454C26669A}"
EndProject
Project("{FAE04EC0-301F-11D3-BF4B-00C04F79EFBC}") = "SimpleSearch.Client", "SimpleSearch.Client\SimpleSearch.Client.csproj", "{5E28A548-05E8-3256-4216-6CA60E3CD222}"
EndProject
Global
	GlobalSection(SolutionConfigurationPlatforms) = preSolution
		Debug|Any CPU = Debug|Any CPU
		Release|Any CPU = Release|Any CPU
	EndGlobalSection
	GlobalSection(ProjectConfigurationPlatforms) = postSolution
		{D388818D-716B-53CF-7584-FA454C26669A}.Debug|Any CPU.ActiveCfg = Debug|Any CPU
		{D388818D-716B-53CF-7584-FA454C26669A}.Debug|Any CPU.Build.0 = Debug|Any CPU
		{D388818D-716B-53CF-7584-FA454C26669A}.Release|Any CPU.ActiveCfg = Release|Any CPU
		{D388818D-716B-53CF-7584-FA454C26669A}.Release|Any CPU.Build.0 = Release|Any CPU
		{5E28A548-05E8-3256-4216-6CA60E3CD222}.Debug|Any CPU.ActiveCfg = Debug|Any CPU
		{5E28A548-05E8-3256-4216-6CA60E3CD222}.Debug|Any CPU.Build.0 = Debug|Any CPU
		{5E28A548-05E8-3256-4216-6CA60E3CD222}.Release|Any CPU.ActiveCfg = Release|Any CPU
		{5E28A548-05E8-3256-4216-6CA60E3CD222}.Release|Any CPU.Build.0 = Release|Any CPU
	EndGlobalSection
	GlobalSection(SolutionProperties) = preSolution
		HideSolutionNode = FALSE
	EndGlobalSection
	GlobalSection(ExtensibilityGlobals) = postSolution
		SolutionGuid = {214D03F4-6C98-4EFF-87F0-5C17D0437DF4}
	EndGlobalSection
EndGlobal
