<Solution>
  <Folder Name="/samples/" />
  <Folder Name="/samples/core/">
    <Project Path="samples/core/dymaptic.GeoBlazor.Core.Sample.Maui/dymaptic.GeoBlazor.Core.Sample.Maui.csproj" />
    <Project Path="samples/core/dymaptic.GeoBlazor.Core.Sample.Shared/dymaptic.GeoBlazor.Core.Sample.Shared.csproj" />
    <Project Path="samples/core/dymaptic.GeoBlazor.Core.Sample.Wasm/dymaptic.GeoBlazor.Core.Sample.Wasm.csproj" />
  </Folder>
  <Folder Name="/samples/core/dymaptic.GeoBlazor.Core.Sample.OAuth/">
    <Project Path="samples/core/dymaptic.GeoBlazor.Core.Sample.OAuth/dymaptic.GeoBlazor.Core.Sample.OAuth.Client/dymaptic.GeoBlazor.Core.Sample.OAuth.Client.csproj" />
    <Project Path="samples/core/dymaptic.GeoBlazor.Core.Sample.OAuth/dymaptic.GeoBlazor.Core.Sample.OAuth/dymaptic.GeoBlazor.Core.Sample.OAuth.csproj" />
  </Folder>
  <Folder Name="/samples/core/dymaptic.GeoBlazor.Core.Sample.TokenRefresh/">
    <Project Path="samples/core/dymaptic.GeoBlazor.Core.Sample.TokenRefresh/dymaptic.GeoBlazor.Core.Sample.TokenRefresh.Client/dymaptic.GeoBlazor.Core.Sample.TokenRefresh.Client.csproj" />
    <Project Path="samples/core/dymaptic.GeoBlazor.Core.Sample.TokenRefresh/dymaptic.GeoBlazor.Core.Sample.TokenRefresh/dymaptic.GeoBlazor.Core.Sample.TokenRefresh.csproj" />
  </Folder>
  <Folder Name="/samples/core/dymaptic.GeoBlazor.Core.Sample.WebApp/">
    <Project Path="samples/core/dymaptic.GeoBlazor.Core.Sample.WebApp/dymaptic.GeoBlazor.Core.Sample.WebApp.Client/dymaptic.GeoBlazor.Core.Sample.WebApp.Client.csproj" />
    <Project Path="samples/core/dymaptic.GeoBlazor.Core.Sample.WebApp/dymaptic.GeoBlazor.Core.Sample.WebApp/dymaptic.GeoBlazor.Core.Sample.WebApp.csproj" />
  </Folder>
  <Folder Name="/samples/pro/">
    <Project Path="samples/pro/dymaptic.GeoBlazor.Pro.Sample.Maui/dymaptic.GeoBlazor.Pro.Sample.Maui.csproj" />
    <Project Path="samples/pro/dymaptic.GeoBlazor.Pro.Sample.Shared/dymaptic.GeoBlazor.Pro.Sample.Shared.csproj" />
    <Project Path="samples/pro/dymaptic.GeoBlazor.Pro.Sample.Wasm/dymaptic.GeoBlazor.Pro.Sample.Wasm.csproj" />
  </Folder>
  <Folder Name="/samples/pro/dymaptic.GeoBlazor.Pro.Sample.WebApp/">
    <Project Path="samples/pro/dymaptic.GeoBlazor.Pro.Sample.WebApp/dymaptic.GeoBlazor.Pro.Sample.WebApp.Client/dymaptic.GeoBlazor.Pro.Sample.WebApp.Client.csproj" />
    <Project Path="samples/pro/dymaptic.GeoBlazor.Pro.Sample.WebApp/dymaptic.GeoBlazor.Pro.Sample.WebApp/dymaptic.GeoBlazor.Pro.Sample.WebApp.csproj" />
  </Folder>
</Solution>
