
Microsoft Visual Studio Solution File, Format Version 12.00
Project("{FAE04EC0-301F-11D3-BF4B-00C04F79EFBC}") = "CustomPopups", "CustomPopups.csproj", "{CD91F1A1-EFD7-4FF2-BC40-55AE9B190CFB}"
EndProject
Global
	GlobalSection(SolutionConfigurationPlatforms) = preSolution
		Debug|Any CPU = Debug|Any CPU
		Release|Any CPU = Release|Any CPU
	EndGlobalSection
	GlobalSection(ProjectConfigurationPlatforms) = postSolution
		{CD91F1A1-EFD7-4FF2-BC40-55AE9B190CFB}.Debug|Any CPU.ActiveCfg = Debug|Any CPU
		{CD91F1A1-EFD7-4FF2-BC40-55AE9B190CFB}.Debug|Any CPU.Build.0 = Debug|Any CPU
		{CD91F1A1-EFD7-4FF2-BC40-55AE9B190CFB}.Release|Any CPU.ActiveCfg = Release|Any CPU
		{CD91F1A1-EFD7-4FF2-BC40-55AE9B190CFB}.Release|Any CPU.Build.0 = Release|Any CPU
	EndGlobalSection
EndGlobal
